
Microsoft Visual Studio Solution File, Format Version 12.00
# Visual Studio Version 16
VisualStudioVersion = 16.0.29215.179
MinimumVisualStudioVersion = 10.0.40219.1
Project("{9A19103F-16F7-4668-BE54-9A1E7A4F7556}") = "ITG_Core", "ITG_Project\ITG_Core.csproj", "{3FF01EF6-6571-4056-994B-2E911802DA53}"
EndProject
Project("{FAE04EC0-301F-11D3-BF4B-00C04F79EFBC}") = "ConsoleApp", "ConsoleApp1\ConsoleApp.csproj", "{AB9EF148-6C94-48BB-8CED-C1B94FACA08E}"
EndProject
Project("{FAE04EC0-301F-11D3-BF4B-00C04F79EFBC}") = "Editor", "Editor\Editor.csproj", "{F32907B6-3C66-4743-A4C1-DA36D4CEFE73}"
	ProjectSection(ProjectDependencies) = postProject
		{3FF01EF6-6571-4056-994B-2E911802DA53} = {3FF01EF6-6571-4056-994B-2E911802DA53}
	EndProjectSection
EndProject
Global
	GlobalSection(SolutionConfigurationPlatforms) = preSolution
		Debug|Any CPU = Debug|Any CPU
		Debug|ARM = Debug|ARM
		Debug|ARM64 = Debug|ARM64
		Debug|x64 = Debug|x64
		Debug|x86 = Debug|x86
		Release|Any CPU = Release|Any CPU
		Release|ARM = Release|ARM
		Release|ARM64 = Release|ARM64
		Release|x64 = Release|x64
		Release|x86 = Release|x86
	EndGlobalSection
	GlobalSection(ProjectConfigurationPlatforms) = postSolution
		{3FF01EF6-6571-4056-994B-2E911802DA53}.Debug|Any CPU.ActiveCfg = Debug|Any CPU
		{3FF01EF6-6571-4056-994B-2E911802DA53}.Debug|Any CPU.Build.0 = Debug|Any CPU
		{3FF01EF6-6571-4056-994B-2E911802DA53}.Debug|ARM.ActiveCfg = Debug|Any CPU
		{3FF01EF6-6571-4056-994B-2E911802DA53}.Debug|ARM.Build.0 = Debug|Any CPU
		{3FF01EF6-6571-4056-994B-2E911802DA53}.Debug|ARM64.ActiveCfg = Debug|Any CPU
		{3FF01EF6-6571-4056-994B-2E911802DA53}.Debug|ARM64.Build.0 = Debug|Any CPU
		{3FF01EF6-6571-4056-994B-2E911802DA53}.Debug|x64.ActiveCfg = Debug|Any CPU
		{3FF01EF6-6571-4056-994B-2E911802DA53}.Debug|x64.Build.0 = Debug|Any CPU
		{3FF01EF6-6571-4056-994B-2E911802DA53}.Debug|x86.ActiveCfg = Debug|Any CPU
		{3FF01EF6-6571-4056-994B-2E911802DA53}.Debug|x86.Build.0 = Debug|Any CPU
		{3FF01EF6-6571-4056-994B-2E911802DA53}.Release|Any CPU.ActiveCfg = Release|Any CPU
		{3FF01EF6-6571-4056-994B-2E911802DA53}.Release|Any CPU.Build.0 = Release|Any CPU
		{3FF01EF6-6571-4056-994B-2E911802DA53}.Release|ARM.ActiveCfg = Release|Any CPU
		{3FF01EF6-6571-4056-994B-2E911802DA53}.Release|ARM.Build.0 = Release|Any CPU
		{3FF01EF6-6571-4056-994B-2E911802DA53}.Release|ARM64.ActiveCfg = Release|Any CPU
		{3FF01EF6-6571-4056-994B-2E911802DA53}.Release|ARM64.Build.0 = Release|Any CPU
		{3FF01EF6-6571-4056-994B-2E911802DA53}.Release|x64.ActiveCfg = Release|Any CPU
		{3FF01EF6-6571-4056-994B-2E911802DA53}.Release|x64.Build.0 = Release|Any CPU
		{3FF01EF6-6571-4056-994B-2E911802DA53}.Release|x86.ActiveCfg = Release|Any CPU
		{3FF01EF6-6571-4056-994B-2E911802DA53}.Release|x86.Build.0 = Release|Any CPU
		{AB9EF148-6C94-48BB-8CED-C1B94FACA08E}.Debug|Any CPU.ActiveCfg = Debug|Any CPU
		{AB9EF148-6C94-48BB-8CED-C1B94FACA08E}.Debug|Any CPU.Build.0 = Debug|Any CPU
		{AB9EF148-6C94-48BB-8CED-C1B94FACA08E}.Debug|ARM.ActiveCfg = Debug|Any CPU
		{AB9EF148-6C94-48BB-8CED-C1B94FACA08E}.Debug|ARM.Build.0 = Debug|Any CPU
		{AB9EF148-6C94-48BB-8CED-C1B94FACA08E}.Debug|ARM64.ActiveCfg = Debug|Any CPU
		{AB9EF148-6C94-48BB-8CED-C1B94FACA08E}.Debug|ARM64.Build.0 = Debug|Any CPU
		{AB9EF148-6C94-48BB-8CED-C1B94FACA08E}.Debug|x64.ActiveCfg = Debug|Any CPU
		{AB9EF148-6C94-48BB-8CED-C1B94FACA08E}.Debug|x64.Build.0 = Debug|Any CPU
		{AB9EF148-6C94-48BB-8CED-C1B94FACA08E}.Debug|x86.ActiveCfg = Debug|Any CPU
		{AB9EF148-6C94-48BB-8CED-C1B94FACA08E}.Debug|x86.Build.0 = Debug|Any CPU
		{AB9EF148-6C94-48BB-8CED-C1B94FACA08E}.Release|Any CPU.ActiveCfg = Release|Any CPU
		{AB9EF148-6C94-48BB-8CED-C1B94FACA08E}.Release|Any CPU.Build.0 = Release|Any CPU
		{AB9EF148-6C94-48BB-8CED-C1B94FACA08E}.Release|ARM.ActiveCfg = Release|Any CPU
		{AB9EF148-6C94-48BB-8CED-C1B94FACA08E}.Release|ARM.Build.0 = Release|Any CPU
		{AB9EF148-6C94-48BB-8CED-C1B94FACA08E}.Release|ARM64.ActiveCfg = Release|Any CPU
		{AB9EF148-6C94-48BB-8CED-C1B94FACA08E}.Release|ARM64.Build.0 = Release|Any CPU
		{AB9EF148-6C94-48BB-8CED-C1B94FACA08E}.Release|x64.ActiveCfg = Release|Any CPU
		{AB9EF148-6C94-48BB-8CED-C1B94FACA08E}.Release|x64.Build.0 = Release|Any CPU
		{AB9EF148-6C94-48BB-8CED-C1B94FACA08E}.Release|x86.ActiveCfg = Release|Any CPU
		{AB9EF148-6C94-48BB-8CED-C1B94FACA08E}.Release|x86.Build.0 = Release|Any CPU
		{F32907B6-3C66-4743-A4C1-DA36D4CEFE73}.Debug|Any CPU.ActiveCfg = Debug|x64
		{F32907B6-3C66-4743-A4C1-DA36D4CEFE73}.Debug|Any CPU.Build.0 = Debug|x64
		{F32907B6-3C66-4743-A4C1-DA36D4CEFE73}.Debug|ARM.ActiveCfg = Debug|ARM
		{F32907B6-3C66-4743-A4C1-DA36D4CEFE73}.Debug|ARM.Build.0 = Debug|ARM
		{F32907B6-3C66-4743-A4C1-DA36D4CEFE73}.Debug|ARM.Deploy.0 = Debug|ARM
		{F32907B6-3C66-4743-A4C1-DA36D4CEFE73}.Debug|ARM64.ActiveCfg = Debug|ARM64
		{F32907B6-3C66-4743-A4C1-DA36D4CEFE73}.Debug|ARM64.Build.0 = Debug|ARM64
		{F32907B6-3C66-4743-A4C1-DA36D4CEFE73}.Debug|ARM64.Deploy.0 = Debug|ARM64
		{F32907B6-3C66-4743-A4C1-DA36D4CEFE73}.Debug|x64.ActiveCfg = Debug|x64
		{F32907B6-3C66-4743-A4C1-DA36D4CEFE73}.Debug|x64.Build.0 = Debug|x64
		{F32907B6-3C66-4743-A4C1-DA36D4CEFE73}.Debug|x64.Deploy.0 = Debug|x64
		{F32907B6-3C66-4743-A4C1-DA36D4CEFE73}.Debug|x86.ActiveCfg = Debug|x86
		{F32907B6-3C66-4743-A4C1-DA36D4CEFE73}.Debug|x86.Build.0 = Debug|x86
		{F32907B6-3C66-4743-A4C1-DA36D4CEFE73}.Debug|x86.Deploy.0 = Debug|x86
		{F32907B6-3C66-4743-A4C1-DA36D4CEFE73}.Release|Any CPU.ActiveCfg = Release|x86
		{F32907B6-3C66-4743-A4C1-DA36D4CEFE73}.Release|ARM.ActiveCfg = Release|ARM
		{F32907B6-3C66-4743-A4C1-DA36D4CEFE73}.Release|ARM.Build.0 = Release|ARM
		{F32907B6-3C66-4743-A4C1-DA36D4CEFE73}.Release|ARM.Deploy.0 = Release|ARM
		{F32907B6-3C66-4743-A4C1-DA36D4CEFE73}.Release|ARM64.ActiveCfg = Release|ARM64
		{F32907B6-3C66-4743-A4C1-DA36D4CEFE73}.Release|ARM64.Build.0 = Release|ARM64
		{F32907B6-3C66-4743-A4C1-DA36D4CEFE73}.Release|ARM64.Deploy.0 = Release|ARM64
		{F32907B6-3C66-4743-A4C1-DA36D4CEFE73}.Release|x64.ActiveCfg = Release|x64
		{F32907B6-3C66-4743-A4C1-DA36D4CEFE73}.Release|x64.Build.0 = Release|x64
		{F32907B6-3C66-4743-A4C1-DA36D4CEFE73}.Release|x64.Deploy.0 = Release|x64
		{F32907B6-3C66-4743-A4C1-DA36D4CEFE73}.Release|x86.ActiveCfg = Release|x86
		{F32907B6-3C66-4743-A4C1-DA36D4CEFE73}.Release|x86.Build.0 = Release|x86
		{F32907B6-3C66-4743-A4C1-DA36D4CEFE73}.Release|x86.Deploy.0 = Release|x86
	EndGlobalSection
	GlobalSection(SolutionProperties) = preSolution
		HideSolutionNode = FALSE
	EndGlobalSection
	GlobalSection(ExtensibilityGlobals) = postSolution
		SolutionGuid = {CA0B061A-A9AA-404A-BAC8-6B8F69DF3FD1}
	EndGlobalSection
EndGlobal
