
Microsoft Visual Studio Solution File, Format Version 12.00
# Visual Studio Version 16
VisualStudioVersion = 16.0.29215.179
MinimumVisualStudioVersion = 10.0.40219.1
Project("{9A19103F-16F7-4668-BE54-9A1E7A4F7556}") = "ITG_Core", "ITG_Project\ITG_Core.csproj", "{3FF01EF6-6571-4056-994B-2E911802DA53}"
EndProject
Project("{FAE04EC0-301F-11D3-BF4B-00C04F79EFBC}") = "ConsoleApp", "ConsoleApp1\ConsoleApp.csproj", "{AB9EF148-6C94-48BB-8CED-C1B94FACA08E}"
EndProject
Global
	GlobalSection(SolutionConfigurationPlatforms) = preSolution
		Debug|Any CPU = Debug|Any CPU
		Debug|x64 = Debug|x64
		Debug|x86 = Debug|x86
		Release|Any CPU = Release|Any CPU
		Release|x64 = Release|x64
		Release|x86 = Release|x86
	EndGlobalSection
	GlobalSection(ProjectConfigurationPlatforms) = postSolution
		{3FF01EF6-6571-4056-994B-2E911802DA53}.Debug|Any CPU.ActiveCfg = Debug|Any CPU
		{3FF01EF6-6571-4056-994B-2E911802DA53}.Debug|Any CPU.Build.0 = Debug|Any CPU
		{3FF01EF6-6571-4056-994B-2E911802DA53}.Debug|x64.ActiveCfg = Debug|Any CPU
		{3FF01EF6-6571-4056-994B-2E911802DA53}.Debug|x64.Build.0 = Debug|Any CPU
		{3FF01EF6-6571-4056-994B-2E911802DA53}.Debug|x86.ActiveCfg = Debug|Any CPU
		{3FF01EF6-6571-4056-994B-2E911802DA53}.Debug|x86.Build.0 = Debug|Any CPU
		{3FF01EF6-6571-4056-994B-2E911802DA53}.Release|Any CPU.ActiveCfg = Release|Any CPU
		{3FF01EF6-6571-4056-994B-2E911802DA53}.Release|Any CPU.Build.0 = Release|Any CPU
		{3FF01EF6-6571-4056-994B-2E911802DA53}.Release|x64.ActiveCfg = Release|Any CPU
		{3FF01EF6-6571-4056-994B-2E911802DA53}.Release|x64.Build.0 = Release|Any CPU
		{3FF01EF6-6571-4056-994B-2E911802DA53}.Release|x86.ActiveCfg = Release|Any CPU
		{3FF01EF6-6571-4056-994B-2E911802DA53}.Release|x86.Build.0 = Release|Any CPU
		{AB9EF148-6C94-48BB-8CED-C1B94FACA08E}.Debug|Any CPU.ActiveCfg = Debug|Any CPU
		{AB9EF148-6C94-48BB-8CED-C1B94FACA08E}.Debug|Any CPU.Build.0 = Debug|Any CPU
		{AB9EF148-6C94-48BB-8CED-C1B94FACA08E}.Debug|x64.ActiveCfg = Debug|Any CPU
		{AB9EF148-6C94-48BB-8CED-C1B94FACA08E}.Debug|x64.Build.0 = Debug|Any CPU
		{AB9EF148-6C94-48BB-8CED-C1B94FACA08E}.Debug|x86.ActiveCfg = Debug|Any CPU
		{AB9EF148-6C94-48BB-8CED-C1B94FACA08E}.Debug|x86.Build.0 = Debug|Any CPU
		{AB9EF148-6C94-48BB-8CED-C1B94FACA08E}.Release|Any CPU.ActiveCfg = Release|Any CPU
		{AB9EF148-6C94-48BB-8CED-C1B94FACA08E}.Release|Any CPU.Build.0 = Release|Any CPU
		{AB9EF148-6C94-48BB-8CED-C1B94FACA08E}.Release|x64.ActiveCfg = Release|Any CPU
		{AB9EF148-6C94-48BB-8CED-C1B94FACA08E}.Release|x64.Build.0 = Release|Any CPU
		{AB9EF148-6C94-48BB-8CED-C1B94FACA08E}.Release|x86.ActiveCfg = Release|Any CPU
		{AB9EF148-6C94-48BB-8CED-C1B94FACA08E}.Release|x86.Build.0 = Release|Any CPU
	EndGlobalSection
	GlobalSection(SolutionProperties) = preSolution
		HideSolutionNode = FALSE
	EndGlobalSection
	GlobalSection(ExtensibilityGlobals) = postSolution
		SolutionGuid = {CA0B061A-A9AA-404A-BAC8-6B8F69DF3FD1}
	EndGlobalSection
EndGlobal
